{
  "nodes": {
    "linux-vf2-src": {
      "flake": false,
      "locked": {
        "lastModified": 1687160314,
        "narHash": "sha256-tOYGLfZAruxJvdXeLIZcN17XBSlAkotusY1DvH0J6Zo=",
        "owner": "starfive-tech",
        "repo": "linux",
        "rev": "4964ce0a869e92df26331833894c9d0fd84d80f3",
        "type": "github"
      },
      "original": {
        "owner": "starfive-tech",
        "ref": "JH7110_VisionFive2_devel",
        "repo": "linux",
        "type": "github"
      }
    },
    "nixpkgs": {
      "locked": {
        "lastModified": 1689134824,
        "narHash": "sha256-OrrLdt41m27+csxLri+xpgtmpBUy5fJVYcOJz9lz5Vo=",
        "owner": "AlexandreTunstall",
        "repo": "nixpkgs",
        "rev": "9165afde1700433d4e8633756f7ccc3473353255",
        "type": "github"
      },
      "original": {
        "owner": "AlexandreTunstall",
        "ref": "riscv64",
        "repo": "nixpkgs",
        "type": "github"
      }
    },
    "nixpkgs-native": {
      "locked": {
        "lastModified": 1689008574,
        "narHash": "sha256-VFMgyHDiqsGDkRg73alv6OdHJAqhybryWHv77bSCGIw=",
        "owner": "NixOS",
        "repo": "nixpkgs",
        "rev": "4a729ce4b1fe5ec4fffc71c67c96aa5184ebb462",
        "type": "github"
      },
      "original": {
        "owner": "NixOS",
        "ref": "nixos-unstable",
        "repo": "nixpkgs",
        "type": "github"
      }
    },
    "root": {
      "inputs": {
        "linux-vf2-src": "linux-vf2-src",
        "nixpkgs": "nixpkgs",
        "nixpkgs-native": "nixpkgs-native",
        "starfive-tools": "starfive-tools",
        "uboot-vf2-src": "uboot-vf2-src"
      }
    },
    "starfive-tools": {
      "flake": false,
      "locked": {
        "lastModified": 1686918044,
        "narHash": "sha256-RuBiUhm24X7OS20feYyEss/TvqzjqSfQ1ez0t6IenEU=",
        "owner": "starfive-tech",
        "repo": "Tools",
        "rev": "6067c32c4cc11749a503b0708d98d6d45022cc0c",
        "type": "github"
      },
      "original": {
        "owner": "starfive-tech",
        "repo": "Tools",
        "type": "github"
      }
    },
    "uboot-vf2-src": {
      "flake": false,
      "locked": {
        "lastModified": 1684233997,
        "narHash": "sha256-XhZECQBM41MNJb8JVvoLitGx7q2vOiQQqcrp2W+1VhI=",
        "owner": "misuzu",
        "repo": "u-boot",
        "rev": "5dce6604909d98840b9a68abb2a75f915d0216df",
        "type": "github"
      },
      "original": {
        "owner": "misuzu",
        "ref": "visionfive2",
        "repo": "u-boot",
        "type": "github"
      }
    }
  },
  "root": "root",
  "version": 7
}
